// !$*UTF8*$!
{
	archiveVersion = 1;
	classes = {
	};
	objectVersion = 55;
	objects = {

/* Begin PBXBuildFile section */
		4F111B4D2D2C0A3C005CB746 /* 104_Maximum_Depth_of_Binary_Tree.swift in Sources */ = {isa = PBXBuildFile; fileRef = 4F111B4C2D2C0A3C005CB746 /* 104_Maximum_Depth_of_Binary_Tree.swift */; };
		4F111B4F2D2C0A4A005CB746 /* 104_Maximum_Depth_of_Binary_TreeTests.swift in Sources */ = {isa = PBXBuildFile; fileRef = 4F111B4E2D2C0A4A005CB746 /* 104_Maximum_Depth_of_Binary_TreeTests.swift */; };
		4F33A54E2BE79E32005AD388 /* 15_3Sum.swift in Sources */ = {isa = PBXBuildFile; fileRef = 4F33A54D2BE79E32005AD388 /* 15_3Sum.swift */; };
		4F33A5502BE79E65005AD388 /* 15_3Sum_TestsTests.swift in Sources */ = {isa = PBXBuildFile; fileRef = 4F33A54F2BE79E65005AD388 /* 15_3Sum_TestsTests.swift */; };
		4F41F5CD2D189090001DFD34 /* 21_Merge_Two_Sorted_Lists.swift in Sources */ = {isa = PBXBuildFile; fileRef = 4F41F5CC2D189090001DFD34 /* 21_Merge_Two_Sorted_Lists.swift */; };
		4F41F5CF2D189165001DFD34 /* 21_Merge_Two_Sorted_ListsTests.swift in Sources */ = {isa = PBXBuildFile; fileRef = 4F41F5CE2D189165001DFD34 /* 21_Merge_Two_Sorted_ListsTests.swift */; };
		4F41F5D12D189E42001DFD34 /* 226_Invert_Binary_Tree.swift in Sources */ = {isa = PBXBuildFile; fileRef = 4F41F5D02D189E42001DFD34 /* 226_Invert_Binary_Tree.swift */; };
		4F41F5D32D189F18001DFD34 /* TreeNode.swift in Sources */ = {isa = PBXBuildFile; fileRef = 4F41F5D22D189F18001DFD34 /* TreeNode.swift */; };
		4F41F5D52D189FCE001DFD34 /* 226_Invert_Binary_TreeTests.swift in Sources */ = {isa = PBXBuildFile; fileRef = 4F41F5D42D189FCE001DFD34 /* 226_Invert_Binary_TreeTests.swift */; };
		4F44DF852D456A87009F3691 /* 100_Same_Tree.swift in Sources */ = {isa = PBXBuildFile; fileRef = 4F44DF842D456A87009F3691 /* 100_Same_Tree.swift */; };
		4F44DF872D456A90009F3691 /* 100_Same_TreeTests.swift in Sources */ = {isa = PBXBuildFile; fileRef = 4F44DF862D456A90009F3691 /* 100_Same_TreeTests.swift */; };
		4F47D84B2BBB080E0090C610 /* 49_Group_Anagrams_Tests.swift in Sources */ = {isa = PBXBuildFile; fileRef = 4F47D8492BBB080E0090C610 /* 49_Group_Anagrams_Tests.swift */; };
		4F47D84C2BBB08E00090C610 /* 49_Group_Anagrams.swift in Sources */ = {isa = PBXBuildFile; fileRef = 4F47D8462BBB06B60090C610 /* 49_Group_Anagrams.swift */; };
		4F47D84D2BBB08F00090C610 /* 242_Valid_Anagram.swift in Sources */ = {isa = PBXBuildFile; fileRef = 4FEBA2EC2A9A88CB004211D9 /* 242_Valid_Anagram.swift */; };
		4F47D8512BC2E9C70090C610 /* 347_Top_K_Frequent_Elements_Tests.swift in Sources */ = {isa = PBXBuildFile; fileRef = 4F47D8502BC2E9C70090C610 /* 347_Top_K_Frequent_Elements_Tests.swift */; };
		4F47D8522BC2EAC20090C610 /* 347_Top_K_Frequent_Elements.swift in Sources */ = {isa = PBXBuildFile; fileRef = 4F47D84E2BC2E9B30090C610 /* 347_Top_K_Frequent_Elements.swift */; };
		4F47D8542BC325BF0090C610 /* 238_Product_of_Array_Except_Self.swift in Sources */ = {isa = PBXBuildFile; fileRef = 4F47D8532BC325BF0090C610 /* 238_Product_of_Array_Except_Self.swift */; };
		4F47D8562BC325C80090C610 /* 238_Product_of_Array_Except_Self_Tests.swift in Sources */ = {isa = PBXBuildFile; fileRef = 4F47D8552BC325C80090C610 /* 238_Product_of_Array_Except_Self_Tests.swift */; };
		4F516C112DFCD20700C8C83D /* 169_Majority_Element.swift in Sources */ = {isa = PBXBuildFile; fileRef = 4F516C102DFCD20700C8C83D /* 169_Majority_Element.swift */; };
		4F516C152DFCD23700C8C83D /* 169_Majority_ElementTests.swift in Sources */ = {isa = PBXBuildFile; fileRef = 4F516C142DFCD23700C8C83D /* 169_Majority_ElementTests.swift */; };
		4F516C262DFEC47700C8C83D /* 58_Length_of_Last_Word.swift in Sources */ = {isa = PBXBuildFile; fileRef = 4F516C252DFEC47700C8C83D /* 58_Length_of_Last_Word.swift */; };
		4F516C282DFEC4EE00C8C83D /* 58_Length_of_Last_WordTests.swift in Sources */ = {isa = PBXBuildFile; fileRef = 4F516C272DFEC4EE00C8C83D /* 58_Length_of_Last_WordTests.swift */; };
		4F516C2A2DFEC8E600C8C83D /* 14_Longest_Commong_Prefix.swift in Sources */ = {isa = PBXBuildFile; fileRef = 4F516C292DFEC8E600C8C83D /* 14_Longest_Commong_Prefix.swift */; };
		4F516C2C2DFEC8EC00C8C83D /* 14_Longest_Commong_PrefixTests.swift in Sources */ = {isa = PBXBuildFile; fileRef = 4F516C2B2DFEC8EC00C8C83D /* 14_Longest_Commong_PrefixTests.swift */; };
		4F516C2E2DFEDD4300C8C83D /* 26_Remove_Duplicates_from_Sorted_Array.swift in Sources */ = {isa = PBXBuildFile; fileRef = 4F516C2D2DFEDD4300C8C83D /* 26_Remove_Duplicates_from_Sorted_Array.swift */; };
		4F516C302DFEDD4D00C8C83D /* 26_Remove_Duplicates_from_Sorted_ArrayTests.swift in Sources */ = {isa = PBXBuildFile; fileRef = 4F516C2F2DFEDD4D00C8C83D /* 26_Remove_Duplicates_from_Sorted_ArrayTests.swift */; };
		4F516C322E041ECD00C8C83D /* 27_Remove_Element.swift in Sources */ = {isa = PBXBuildFile; fileRef = 4F516C312E041ECD00C8C83D /* 27_Remove_Element.swift */; };
		4F516C342E041EDA00C8C83D /* 27_Remove_ElementTests.swift in Sources */ = {isa = PBXBuildFile; fileRef = 4F516C332E041EDA00C8C83D /* 27_Remove_ElementTests.swift */; };
		4F795E8B2C0A2ADE0025FE35 /* 42_Trapping_Rain_Water.swift in Sources */ = {isa = PBXBuildFile; fileRef = 4F795E8A2C0A2ADE0025FE35 /* 42_Trapping_Rain_Water.swift */; };
		4F795E912C0A2B1E0025FE35 /* 42_Trapping_Rain_Water_Tests.swift in Sources */ = {isa = PBXBuildFile; fileRef = 4F795E902C0A2B1E0025FE35 /* 42_Trapping_Rain_Water_Tests.swift */; };
		4F795E932C0A44300025FE35 /* 20_Valid_Parentheses.swift in Sources */ = {isa = PBXBuildFile; fileRef = 4F795E922C0A44300025FE35 /* 20_Valid_Parentheses.swift */; };
		4F795E952C0A443B0025FE35 /* 20_Valid_ParenthesesTests.swift in Sources */ = {isa = PBXBuildFile; fileRef = 4F795E942C0A443B0025FE35 /* 20_Valid_ParenthesesTests.swift */; };
		4F795E972C0A57D30025FE35 /* 150_Evaluate_Reverse_Polish_Notation.swift in Sources */ = {isa = PBXBuildFile; fileRef = 4F795E962C0A57D30025FE35 /* 150_Evaluate_Reverse_Polish_Notation.swift */; };
		4F795E992C0A57DE0025FE35 /* 150_Evaluate_Reverse_Polish_Notation_Tests.swift in Sources */ = {isa = PBXBuildFile; fileRef = 4F795E982C0A57DE0025FE35 /* 150_Evaluate_Reverse_Polish_Notation_Tests.swift */; };
		4F795E9B2C0C90000025FE35 /* 739_Daily_Temperatures.swift in Sources */ = {isa = PBXBuildFile; fileRef = 4F795E9A2C0C90000025FE35 /* 739_Daily_Temperatures.swift */; };
		4F795E9D2C0C90090025FE35 /* 739_Daily_Temperatures_Tests.swift in Sources */ = {isa = PBXBuildFile; fileRef = 4F795E9C2C0C90090025FE35 /* 739_Daily_Temperatures_Tests.swift */; };
		4F795E9F2C0CCEA10025FE35 /* 853_Car_Fleet.swift in Sources */ = {isa = PBXBuildFile; fileRef = 4F795E9E2C0CCEA10025FE35 /* 853_Car_Fleet.swift */; };
		4F795EA12C0CCEAB0025FE35 /* 853_Car_Fleet_Tests.swift in Sources */ = {isa = PBXBuildFile; fileRef = 4F795EA02C0CCEAB0025FE35 /* 853_Car_Fleet_Tests.swift */; };
		4F7A09132D4FECBD001EC0FD /* 572_Subtree_of_Another_Tree.swift in Sources */ = {isa = PBXBuildFile; fileRef = 4F7A09122D4FECBD001EC0FD /* 572_Subtree_of_Another_Tree.swift */; };
		4F7A09152D4FECC5001EC0FD /* 572_Subtree_of_Another_TreeTests.swift in Sources */ = {isa = PBXBuildFile; fileRef = 4F7A09142D4FECC5001EC0FD /* 572_Subtree_of_Another_TreeTests.swift */; };
		4F7C78C82BD3C9D200A7C9D2 /* 36_Valid_Sudoku.swift in Sources */ = {isa = PBXBuildFile; fileRef = 4F7C78C72BD3C9D200A7C9D2 /* 36_Valid_Sudoku.swift */; };
		4F7C78CA2BD3C9DC00A7C9D2 /* 36_Valid_Sudoku_Tests.swift in Sources */ = {isa = PBXBuildFile; fileRef = 4F7C78C92BD3C9DC00A7C9D2 /* 36_Valid_Sudoku_Tests.swift */; };
		4F7C78CF2BD46A5200A7C9D2 /* 271_Encode_and_Decode_Strings.swift in Sources */ = {isa = PBXBuildFile; fileRef = 4F7C78CE2BD46A5200A7C9D2 /* 271_Encode_and_Decode_Strings.swift */; };
		4F7C78D12BD46A6000A7C9D2 /* 271_Encode_and_Decode_Strings_Tests.swift in Sources */ = {isa = PBXBuildFile; fileRef = 4F7C78D02BD46A6000A7C9D2 /* 271_Encode_and_Decode_Strings_Tests.swift */; };
		4F7C78D32BD5558100A7C9D2 /* 128_Longest_Consecutive_Sequence.swift in Sources */ = {isa = PBXBuildFile; fileRef = 4F7C78D22BD5558100A7C9D2 /* 128_Longest_Consecutive_Sequence.swift */; };
		4F7C78D52BD5558700A7C9D2 /* 128_Longest_Consecutive_Sequence_Tests.swift in Sources */ = {isa = PBXBuildFile; fileRef = 4F7C78D42BD5558700A7C9D2 /* 128_Longest_Consecutive_Sequence_Tests.swift */; };
		4F7C78D82BE6834600A7C9D2 /* 167_Two_Sum_II_Input_Array_Is_Sorted.swift in Sources */ = {isa = PBXBuildFile; fileRef = 4F7C78D72BE6834600A7C9D2 /* 167_Two_Sum_II_Input_Array_Is_Sorted.swift */; };
		4F7C78DA2BE6835400A7C9D2 /* 167_Two_Sum_II_Input_Array_Is_Sorted_Tests.swift in Sources */ = {isa = PBXBuildFile; fileRef = 4F7C78D92BE6835400A7C9D2 /* 167_Two_Sum_II_Input_Array_Is_Sorted_Tests.swift */; };
		4F8490F32C022252004AC7DE /* 11_Container_With_Most_Water.swift in Sources */ = {isa = PBXBuildFile; fileRef = 4F8490F22C022252004AC7DE /* 11_Container_With_Most_Water.swift */; };
		4F8490F52C02226C004AC7DE /* 11_Container_With_Most_Water_Tests.swift in Sources */ = {isa = PBXBuildFile; fileRef = 4F8490F42C02226C004AC7DE /* 11_Container_With_Most_Water_Tests.swift */; };
		4F8A62C22DEDE0FF00598687 /* 3174_Clear_Digits.swift in Sources */ = {isa = PBXBuildFile; fileRef = 4F8A62C12DEDE0FF00598687 /* 3174_Clear_Digits.swift */; };
		4F8A62C42DEDE12600598687 /* CharStack.swift in Sources */ = {isa = PBXBuildFile; fileRef = 4F8A62C32DEDE12600598687 /* CharStack.swift */; };
		4F8A62C82DEDE18400598687 /* 3174_Clear_DigitsTests.swift in Sources */ = {isa = PBXBuildFile; fileRef = 4F8A62C72DEDE18400598687 /* 3174_Clear_DigitsTests.swift */; };
		4F8E541E2D0DA4A70038DFC7 /* 875_Koko_Eating_Bananas.swift in Sources */ = {isa = PBXBuildFile; fileRef = 4F8E541D2D0DA4A70038DFC7 /* 875_Koko_Eating_Bananas.swift */; };
		4F8E54202D0DA4C20038DFC7 /* 875_Koko_Eating_Bananas_Tests.swift in Sources */ = {isa = PBXBuildFile; fileRef = 4F8E541F2D0DA4C20038DFC7 /* 875_Koko_Eating_Bananas_Tests.swift */; };
		4F8E54222D0EDF620038DFC7 /* 121_Best_Time_to_Buy_and_Sell_Stock.swift in Sources */ = {isa = PBXBuildFile; fileRef = 4F8E54212D0EDF620038DFC7 /* 121_Best_Time_to_Buy_and_Sell_Stock.swift */; };
		4F8E54242D0EDF930038DFC7 /* 121_Best_Time_to_Buy_and_Sell_Stock_Tests.swift in Sources */ = {isa = PBXBuildFile; fileRef = 4F8E54232D0EDF930038DFC7 /* 121_Best_Time_to_Buy_and_Sell_Stock_Tests.swift */; };
		4F8E54262D0F0DE30038DFC7 /* 206_Reverse_Linked_List.swift in Sources */ = {isa = PBXBuildFile; fileRef = 4F8E54252D0F0DE30038DFC7 /* 206_Reverse_Linked_List.swift */; };
		4F8E54292D0F0F120038DFC7 /* ListNode.swift in Sources */ = {isa = PBXBuildFile; fileRef = 4F8E54282D0F0F080038DFC7 /* ListNode.swift */; };
		4F8E542B2D0F0F2E0038DFC7 /* 206_Reverse_Linked_ListTests.swift in Sources */ = {isa = PBXBuildFile; fileRef = 4F8E542A2D0F0F2E0038DFC7 /* 206_Reverse_Linked_ListTests.swift */; };
		4F9F86AB2D3C0EC300FE37DE /* 543_Diameter_of_Binary_Tree.swift in Sources */ = {isa = PBXBuildFile; fileRef = 4F9F86AA2D3C0EC300FE37DE /* 543_Diameter_of_Binary_Tree.swift */; };
		4F9F86AF2D3C0EE600FE37DE /* 543_Diameter_of_Binary_TreeTests.swift in Sources */ = {isa = PBXBuildFile; fileRef = 4F9F86AE2D3C0EE600FE37DE /* 543_Diameter_of_Binary_TreeTests.swift */; };
		4F9F86B12D3C157500FE37DE /* 110_Balanced_Binary_Tree.swift in Sources */ = {isa = PBXBuildFile; fileRef = 4F9F86B02D3C157500FE37DE /* 110_Balanced_Binary_Tree.swift */; };
		4F9F86B32D3C157E00FE37DE /* 110_Balanced_Binary_TreeTests.swift in Sources */ = {isa = PBXBuildFile; fileRef = 4F9F86B22D3C157E00FE37DE /* 110_Balanced_Binary_TreeTests.swift */; };
		4FA541522D062A9B00FAA179 /* 704_Binary_Search.swift in Sources */ = {isa = PBXBuildFile; fileRef = 4FA541512D062A9B00FAA179 /* 704_Binary_Search.swift */; };
		4FA541542D062AAC00FAA179 /* 704_Binary_Search_Tests.swift in Sources */ = {isa = PBXBuildFile; fileRef = 4FA541532D062AAC00FAA179 /* 704_Binary_Search_Tests.swift */; };
		4FA541562D0642C500FAA179 /* 74_Search_2D_Matrix.swift in Sources */ = {isa = PBXBuildFile; fileRef = 4FA541552D0642C500FAA179 /* 74_Search_2D_Matrix.swift */; };
		4FA541582D0642D300FAA179 /* 74_Search_2D_Matrix_Tests.swift in Sources */ = {isa = PBXBuildFile; fileRef = 4FA541572D0642D300FAA179 /* 74_Search_2D_Matrix_Tests.swift */; };
		4FA9A0182BF8A3670099BA48 /* README.md in Resources */ = {isa = PBXBuildFile; fileRef = 4FA9A0172BF8A3670099BA48 /* README.md */; };
		4FB376552DE352AC000F1EA6 /* 2942_Find_Words_Containing_Character.swift in Sources */ = {isa = PBXBuildFile; fileRef = 4FB376542DE352AC000F1EA6 /* 2942_Find_Words_Containing_Character.swift */; };
		4FB376572DE3532B000F1EA6 /* 2942_Find_Words_Containing_CharacterTests.swift in Sources */ = {isa = PBXBuildFile; fileRef = 4FB376562DE3532B000F1EA6 /* 2942_Find_Words_Containing_CharacterTests.swift */; };
		4FB376EB2DE6548C000F1EA6 /* 2894_Divisible_and_Non_divisible_Sums_Difference.swift in Sources */ = {isa = PBXBuildFile; fileRef = 4FB376EA2DE6548C000F1EA6 /* 2894_Divisible_and_Non_divisible_Sums_Difference.swift */; };
		4FB376ED2DE654E9000F1EA6 /* 2894_Divisible_and_Non_divisible_Sums_DifferenceTests.swift in Sources */ = {isa = PBXBuildFile; fileRef = 4FB376EC2DE654E9000F1EA6 /* 2894_Divisible_and_Non_divisible_Sums_DifferenceTests.swift */; };
		4FEBA2E82A9A5A8A004211D9 /* 217_Contains_Duplicate.swift in Sources */ = {isa = PBXBuildFile; fileRef = 4FEBA2E62A9A5A8A004211D9 /* 217_Contains_Duplicate.swift */; };
		4FEBA2EB2A9A5AED004211D9 /* 217_Contains_Duplicate_Tests.swift in Sources */ = {isa = PBXBuildFile; fileRef = 4FEBA2E92A9A5AED004211D9 /* 217_Contains_Duplicate_Tests.swift */; };
		4FEBA2F12A9A88D8004211D9 /* 242_Valid_Anagram_Tests.swift in Sources */ = {isa = PBXBuildFile; fileRef = 4FEBA2EF2A9A88D8004211D9 /* 242_Valid_Anagram_Tests.swift */; };
		CBA559F9275CC6A10005C92C /* main.swift in Sources */ = {isa = PBXBuildFile; fileRef = CBA559F8275CC6A10005C92C /* main.swift */; };
		CBA55A09275CC81F0005C92C /* 1_TwoSum_Tests.swift in Sources */ = {isa = PBXBuildFile; fileRef = CBA55A08275CC81F0005C92C /* 1_TwoSum_Tests.swift */; };
		CBEB611A27A5583800D40F63 /* 1_TwoSum.swift in Sources */ = {isa = PBXBuildFile; fileRef = CBEB611627A5563F00D40F63 /* 1_TwoSum.swift */; };
		CBEB611F27A5D86B00D40F63 /* 2_Add_Two_Numbers.swift in Sources */ = {isa = PBXBuildFile; fileRef = CBEB611D27A5D86B00D40F63 /* 2_Add_Two_Numbers.swift */; };
		CBEB612427A5D88E00D40F63 /* 2_Add_Two_Numbers_Tests.swift in Sources */ = {isa = PBXBuildFile; fileRef = CBEB612227A5D88E00D40F63 /* 2_Add_Two_Numbers_Tests.swift */; };
		CBEB612727A5DAEB00D40F63 /* 22_Generate_Parentheses.swift in Sources */ = {isa = PBXBuildFile; fileRef = CBEB612527A5DAEB00D40F63 /* 22_Generate_Parentheses.swift */; };
		CBEB612A27A5DB1D00D40F63 /* 22_Generate_Parentheses_Tests.swift in Sources */ = {isa = PBXBuildFile; fileRef = CBEB612827A5DB1D00D40F63 /* 22_Generate_Parentheses_Tests.swift */; };
		CBEB612D27A5DD3F00D40F63 /* 125_Valid_Palindrome.swift in Sources */ = {isa = PBXBuildFile; fileRef = CBEB612B27A5DD3F00D40F63 /* 125_Valid_Palindrome.swift */; };
		CBEB612F27A5DD4A00D40F63 /* 125_Valid_Palindrome_Tests.swift in Sources */ = {isa = PBXBuildFile; fileRef = CBEB612E27A5DD4A00D40F63 /* 125_Valid_Palindrome_Tests.swift */; };
		CBEB613227A67B7500D40F63 /* 155_Min_Stack.swift in Sources */ = {isa = PBXBuildFile; fileRef = CBEB613027A67B7500D40F63 /* 155_Min_Stack.swift */; };
		CBEB613527A67BCD00D40F63 /* 155_Min_Stack_Tests.swift in Sources */ = {isa = PBXBuildFile; fileRef = CBEB613327A67BCD00D40F63 /* 155_Min_Stack_Tests.swift */; };
		CBEB613827A6AEB500D40F63 /* 17_Letter_Combinations_of_a_Phone_Number.swift in Sources */ = {isa = PBXBuildFile; fileRef = CBEB613627A6AEB500D40F63 /* 17_Letter_Combinations_of_a_Phone_Number.swift */; };
		CBEB613B27A6AEF900D40F63 /* 17_Letter_Combinations_of_a_Phone_Number_Tests.swift in Sources */ = {isa = PBXBuildFile; fileRef = CBEB613927A6AEF900D40F63 /* 17_Letter_Combinations_of_a_Phone_Number_Tests.swift */; };
/* End PBXBuildFile section */

/* Begin PBXCopyFilesBuildPhase section */
		CBA559F3275CC6A10005C92C /* CopyFiles */ = {
			isa = PBXCopyFilesBuildPhase;
			buildActionMask = 2147483647;
			dstPath = /usr/share/man/man1/;
			dstSubfolderSpec = 0;
			files = (
			);
			runOnlyForDeploymentPostprocessing = 1;
		};
/* End PBXCopyFilesBuildPhase section */

/* Begin PBXFileReference section */
		4F111B4C2D2C0A3C005CB746 /* 104_Maximum_Depth_of_Binary_Tree.swift */ = {isa = PBXFileReference; lastKnownFileType = sourcecode.swift; path = 104_Maximum_Depth_of_Binary_Tree.swift; sourceTree = "<group>"; };
		4F111B4E2D2C0A4A005CB746 /* 104_Maximum_Depth_of_Binary_TreeTests.swift */ = {isa = PBXFileReference; lastKnownFileType = sourcecode.swift; path = 104_Maximum_Depth_of_Binary_TreeTests.swift; sourceTree = "<group>"; };
		4F33A54D2BE79E32005AD388 /* 15_3Sum.swift */ = {isa = PBXFileReference; lastKnownFileType = sourcecode.swift; path = 15_3Sum.swift; sourceTree = "<group>"; };
		4F33A54F2BE79E65005AD388 /* 15_3Sum_TestsTests.swift */ = {isa = PBXFileReference; lastKnownFileType = sourcecode.swift; path = 15_3Sum_TestsTests.swift; sourceTree = "<group>"; };
		4F41F5CC2D189090001DFD34 /* 21_Merge_Two_Sorted_Lists.swift */ = {isa = PBXFileReference; lastKnownFileType = sourcecode.swift; path = 21_Merge_Two_Sorted_Lists.swift; sourceTree = "<group>"; };
		4F41F5CE2D189165001DFD34 /* 21_Merge_Two_Sorted_ListsTests.swift */ = {isa = PBXFileReference; lastKnownFileType = sourcecode.swift; path = 21_Merge_Two_Sorted_ListsTests.swift; sourceTree = "<group>"; };
		4F41F5D02D189E42001DFD34 /* 226_Invert_Binary_Tree.swift */ = {isa = PBXFileReference; lastKnownFileType = sourcecode.swift; path = 226_Invert_Binary_Tree.swift; sourceTree = "<group>"; };
		4F41F5D22D189F18001DFD34 /* TreeNode.swift */ = {isa = PBXFileReference; lastKnownFileType = sourcecode.swift; path = TreeNode.swift; sourceTree = "<group>"; };
		4F41F5D42D189FCE001DFD34 /* 226_Invert_Binary_TreeTests.swift */ = {isa = PBXFileReference; lastKnownFileType = sourcecode.swift; path = 226_Invert_Binary_TreeTests.swift; sourceTree = "<group>"; };
		4F44DF842D456A87009F3691 /* 100_Same_Tree.swift */ = {isa = PBXFileReference; lastKnownFileType = sourcecode.swift; path = 100_Same_Tree.swift; sourceTree = "<group>"; };
		4F44DF862D456A90009F3691 /* 100_Same_TreeTests.swift */ = {isa = PBXFileReference; lastKnownFileType = sourcecode.swift; path = 100_Same_TreeTests.swift; sourceTree = "<group>"; };
		4F47D8462BBB06B60090C610 /* 49_Group_Anagrams.swift */ = {isa = PBXFileReference; lastKnownFileType = sourcecode.swift; path = 49_Group_Anagrams.swift; sourceTree = "<group>"; };
		4F47D8492BBB080E0090C610 /* 49_Group_Anagrams_Tests.swift */ = {isa = PBXFileReference; lastKnownFileType = sourcecode.swift; path = 49_Group_Anagrams_Tests.swift; sourceTree = "<group>"; };
		4F47D84E2BC2E9B30090C610 /* 347_Top_K_Frequent_Elements.swift */ = {isa = PBXFileReference; lastKnownFileType = sourcecode.swift; path = 347_Top_K_Frequent_Elements.swift; sourceTree = "<group>"; };
		4F47D8502BC2E9C70090C610 /* 347_Top_K_Frequent_Elements_Tests.swift */ = {isa = PBXFileReference; lastKnownFileType = sourcecode.swift; path = 347_Top_K_Frequent_Elements_Tests.swift; sourceTree = "<group>"; };
		4F47D8532BC325BF0090C610 /* 238_Product_of_Array_Except_Self.swift */ = {isa = PBXFileReference; lastKnownFileType = sourcecode.swift; path = 238_Product_of_Array_Except_Self.swift; sourceTree = "<group>"; };
		4F47D8552BC325C80090C610 /* 238_Product_of_Array_Except_Self_Tests.swift */ = {isa = PBXFileReference; lastKnownFileType = sourcecode.swift; path = 238_Product_of_Array_Except_Self_Tests.swift; sourceTree = "<group>"; };
		4F516C102DFCD20700C8C83D /* 169_Majority_Element.swift */ = {isa = PBXFileReference; lastKnownFileType = sourcecode.swift; path = 169_Majority_Element.swift; sourceTree = "<group>"; };
		4F516C142DFCD23700C8C83D /* 169_Majority_ElementTests.swift */ = {isa = PBXFileReference; lastKnownFileType = sourcecode.swift; path = 169_Majority_ElementTests.swift; sourceTree = "<group>"; };
		4F516C252DFEC47700C8C83D /* 58_Length_of_Last_Word.swift */ = {isa = PBXFileReference; lastKnownFileType = sourcecode.swift; path = 58_Length_of_Last_Word.swift; sourceTree = "<group>"; };
		4F516C272DFEC4EE00C8C83D /* 58_Length_of_Last_WordTests.swift */ = {isa = PBXFileReference; lastKnownFileType = sourcecode.swift; path = 58_Length_of_Last_WordTests.swift; sourceTree = "<group>"; };
		4F516C292DFEC8E600C8C83D /* 14_Longest_Commong_Prefix.swift */ = {isa = PBXFileReference; lastKnownFileType = sourcecode.swift; path = 14_Longest_Commong_Prefix.swift; sourceTree = "<group>"; };
		4F516C2B2DFEC8EC00C8C83D /* 14_Longest_Commong_PrefixTests.swift */ = {isa = PBXFileReference; lastKnownFileType = sourcecode.swift; path = 14_Longest_Commong_PrefixTests.swift; sourceTree = "<group>"; };
		4F516C2D2DFEDD4300C8C83D /* 26_Remove_Duplicates_from_Sorted_Array.swift */ = {isa = PBXFileReference; lastKnownFileType = sourcecode.swift; path = 26_Remove_Duplicates_from_Sorted_Array.swift; sourceTree = "<group>"; };
		4F516C2F2DFEDD4D00C8C83D /* 26_Remove_Duplicates_from_Sorted_ArrayTests.swift */ = {isa = PBXFileReference; lastKnownFileType = sourcecode.swift; path = 26_Remove_Duplicates_from_Sorted_ArrayTests.swift; sourceTree = "<group>"; };
		4F516C312E041ECD00C8C83D /* 27_Remove_Element.swift */ = {isa = PBXFileReference; lastKnownFileType = sourcecode.swift; path = 27_Remove_Element.swift; sourceTree = "<group>"; };
		4F516C332E041EDA00C8C83D /* 27_Remove_ElementTests.swift */ = {isa = PBXFileReference; lastKnownFileType = sourcecode.swift; path = 27_Remove_ElementTests.swift; sourceTree = "<group>"; };
		4F795E8A2C0A2ADE0025FE35 /* 42_Trapping_Rain_Water.swift */ = {isa = PBXFileReference; lastKnownFileType = sourcecode.swift; path = 42_Trapping_Rain_Water.swift; sourceTree = "<group>"; };
		4F795E902C0A2B1E0025FE35 /* 42_Trapping_Rain_Water_Tests.swift */ = {isa = PBXFileReference; lastKnownFileType = sourcecode.swift; path = 42_Trapping_Rain_Water_Tests.swift; sourceTree = "<group>"; };
		4F795E922C0A44300025FE35 /* 20_Valid_Parentheses.swift */ = {isa = PBXFileReference; lastKnownFileType = sourcecode.swift; path = 20_Valid_Parentheses.swift; sourceTree = "<group>"; };
		4F795E942C0A443B0025FE35 /* 20_Valid_ParenthesesTests.swift */ = {isa = PBXFileReference; lastKnownFileType = sourcecode.swift; path = 20_Valid_ParenthesesTests.swift; sourceTree = "<group>"; };
		4F795E962C0A57D30025FE35 /* 150_Evaluate_Reverse_Polish_Notation.swift */ = {isa = PBXFileReference; lastKnownFileType = sourcecode.swift; path = 150_Evaluate_Reverse_Polish_Notation.swift; sourceTree = "<group>"; };
		4F795E982C0A57DE0025FE35 /* 150_Evaluate_Reverse_Polish_Notation_Tests.swift */ = {isa = PBXFileReference; lastKnownFileType = sourcecode.swift; path = 150_Evaluate_Reverse_Polish_Notation_Tests.swift; sourceTree = "<group>"; };
		4F795E9A2C0C90000025FE35 /* 739_Daily_Temperatures.swift */ = {isa = PBXFileReference; lastKnownFileType = sourcecode.swift; path = 739_Daily_Temperatures.swift; sourceTree = "<group>"; };
		4F795E9C2C0C90090025FE35 /* 739_Daily_Temperatures_Tests.swift */ = {isa = PBXFileReference; lastKnownFileType = sourcecode.swift; path = 739_Daily_Temperatures_Tests.swift; sourceTree = "<group>"; };
		4F795E9E2C0CCEA10025FE35 /* 853_Car_Fleet.swift */ = {isa = PBXFileReference; lastKnownFileType = sourcecode.swift; path = 853_Car_Fleet.swift; sourceTree = "<group>"; };
		4F795EA02C0CCEAB0025FE35 /* 853_Car_Fleet_Tests.swift */ = {isa = PBXFileReference; lastKnownFileType = sourcecode.swift; path = 853_Car_Fleet_Tests.swift; sourceTree = "<group>"; };
		4F7A09122D4FECBD001EC0FD /* 572_Subtree_of_Another_Tree.swift */ = {isa = PBXFileReference; lastKnownFileType = sourcecode.swift; path = 572_Subtree_of_Another_Tree.swift; sourceTree = "<group>"; };
		4F7A09142D4FECC5001EC0FD /* 572_Subtree_of_Another_TreeTests.swift */ = {isa = PBXFileReference; lastKnownFileType = sourcecode.swift; path = 572_Subtree_of_Another_TreeTests.swift; sourceTree = "<group>"; };
		4F7C78C72BD3C9D200A7C9D2 /* 36_Valid_Sudoku.swift */ = {isa = PBXFileReference; lastKnownFileType = sourcecode.swift; path = 36_Valid_Sudoku.swift; sourceTree = "<group>"; };
		4F7C78C92BD3C9DC00A7C9D2 /* 36_Valid_Sudoku_Tests.swift */ = {isa = PBXFileReference; lastKnownFileType = sourcecode.swift; path = 36_Valid_Sudoku_Tests.swift; sourceTree = "<group>"; };
		4F7C78CE2BD46A5200A7C9D2 /* 271_Encode_and_Decode_Strings.swift */ = {isa = PBXFileReference; lastKnownFileType = sourcecode.swift; path = 271_Encode_and_Decode_Strings.swift; sourceTree = "<group>"; };
		4F7C78D02BD46A6000A7C9D2 /* 271_Encode_and_Decode_Strings_Tests.swift */ = {isa = PBXFileReference; lastKnownFileType = sourcecode.swift; path = 271_Encode_and_Decode_Strings_Tests.swift; sourceTree = "<group>"; };
		4F7C78D22BD5558100A7C9D2 /* 128_Longest_Consecutive_Sequence.swift */ = {isa = PBXFileReference; lastKnownFileType = sourcecode.swift; path = 128_Longest_Consecutive_Sequence.swift; sourceTree = "<group>"; };
		4F7C78D42BD5558700A7C9D2 /* 128_Longest_Consecutive_Sequence_Tests.swift */ = {isa = PBXFileReference; lastKnownFileType = sourcecode.swift; path = 128_Longest_Consecutive_Sequence_Tests.swift; sourceTree = "<group>"; };
		4F7C78D72BE6834600A7C9D2 /* 167_Two_Sum_II_Input_Array_Is_Sorted.swift */ = {isa = PBXFileReference; lastKnownFileType = sourcecode.swift; path = 167_Two_Sum_II_Input_Array_Is_Sorted.swift; sourceTree = "<group>"; };
		4F7C78D92BE6835400A7C9D2 /* 167_Two_Sum_II_Input_Array_Is_Sorted_Tests.swift */ = {isa = PBXFileReference; lastKnownFileType = sourcecode.swift; path = 167_Two_Sum_II_Input_Array_Is_Sorted_Tests.swift; sourceTree = "<group>"; };
		4F8490F22C022252004AC7DE /* 11_Container_With_Most_Water.swift */ = {isa = PBXFileReference; lastKnownFileType = sourcecode.swift; path = 11_Container_With_Most_Water.swift; sourceTree = "<group>"; };
		4F8490F42C02226C004AC7DE /* 11_Container_With_Most_Water_Tests.swift */ = {isa = PBXFileReference; lastKnownFileType = sourcecode.swift; path = 11_Container_With_Most_Water_Tests.swift; sourceTree = "<group>"; };
		4F8A62C12DEDE0FF00598687 /* 3174_Clear_Digits.swift */ = {isa = PBXFileReference; lastKnownFileType = sourcecode.swift; path = 3174_Clear_Digits.swift; sourceTree = "<group>"; };
		4F8A62C32DEDE12600598687 /* CharStack.swift */ = {isa = PBXFileReference; lastKnownFileType = sourcecode.swift; path = CharStack.swift; sourceTree = "<group>"; };
		4F8A62C72DEDE18400598687 /* 3174_Clear_DigitsTests.swift */ = {isa = PBXFileReference; lastKnownFileType = sourcecode.swift; path = 3174_Clear_DigitsTests.swift; sourceTree = "<group>"; };
		4F8E541D2D0DA4A70038DFC7 /* 875_Koko_Eating_Bananas.swift */ = {isa = PBXFileReference; lastKnownFileType = sourcecode.swift; path = 875_Koko_Eating_Bananas.swift; sourceTree = "<group>"; };
		4F8E541F2D0DA4C20038DFC7 /* 875_Koko_Eating_Bananas_Tests.swift */ = {isa = PBXFileReference; lastKnownFileType = sourcecode.swift; path = 875_Koko_Eating_Bananas_Tests.swift; sourceTree = "<group>"; };
		4F8E54212D0EDF620038DFC7 /* 121_Best_Time_to_Buy_and_Sell_Stock.swift */ = {isa = PBXFileReference; lastKnownFileType = sourcecode.swift; path = 121_Best_Time_to_Buy_and_Sell_Stock.swift; sourceTree = "<group>"; };
		4F8E54232D0EDF930038DFC7 /* 121_Best_Time_to_Buy_and_Sell_Stock_Tests.swift */ = {isa = PBXFileReference; lastKnownFileType = sourcecode.swift; path = 121_Best_Time_to_Buy_and_Sell_Stock_Tests.swift; sourceTree = "<group>"; };
		4F8E54252D0F0DE30038DFC7 /* 206_Reverse_Linked_List.swift */ = {isa = PBXFileReference; lastKnownFileType = sourcecode.swift; path = 206_Reverse_Linked_List.swift; sourceTree = "<group>"; };
		4F8E54282D0F0F080038DFC7 /* ListNode.swift */ = {isa = PBXFileReference; lastKnownFileType = sourcecode.swift; path = ListNode.swift; sourceTree = "<group>"; };
		4F8E542A2D0F0F2E0038DFC7 /* 206_Reverse_Linked_ListTests.swift */ = {isa = PBXFileReference; lastKnownFileType = sourcecode.swift; path = 206_Reverse_Linked_ListTests.swift; sourceTree = "<group>"; };
		4F9F86AA2D3C0EC300FE37DE /* 543_Diameter_of_Binary_Tree.swift */ = {isa = PBXFileReference; lastKnownFileType = sourcecode.swift; path = 543_Diameter_of_Binary_Tree.swift; sourceTree = "<group>"; };
		4F9F86AE2D3C0EE600FE37DE /* 543_Diameter_of_Binary_TreeTests.swift */ = {isa = PBXFileReference; lastKnownFileType = sourcecode.swift; path = 543_Diameter_of_Binary_TreeTests.swift; sourceTree = "<group>"; };
		4F9F86B02D3C157500FE37DE /* 110_Balanced_Binary_Tree.swift */ = {isa = PBXFileReference; lastKnownFileType = sourcecode.swift; path = 110_Balanced_Binary_Tree.swift; sourceTree = "<group>"; };
		4F9F86B22D3C157E00FE37DE /* 110_Balanced_Binary_TreeTests.swift */ = {isa = PBXFileReference; lastKnownFileType = sourcecode.swift; path = 110_Balanced_Binary_TreeTests.swift; sourceTree = "<group>"; };
		4FA541512D062A9B00FAA179 /* 704_Binary_Search.swift */ = {isa = PBXFileReference; lastKnownFileType = sourcecode.swift; path = 704_Binary_Search.swift; sourceTree = "<group>"; };
		4FA541532D062AAC00FAA179 /* 704_Binary_Search_Tests.swift */ = {isa = PBXFileReference; lastKnownFileType = sourcecode.swift; path = 704_Binary_Search_Tests.swift; sourceTree = "<group>"; };
		4FA541552D0642C500FAA179 /* 74_Search_2D_Matrix.swift */ = {isa = PBXFileReference; lastKnownFileType = sourcecode.swift; path = 74_Search_2D_Matrix.swift; sourceTree = "<group>"; };
		4FA541572D0642D300FAA179 /* 74_Search_2D_Matrix_Tests.swift */ = {isa = PBXFileReference; lastKnownFileType = sourcecode.swift; path = 74_Search_2D_Matrix_Tests.swift; sourceTree = "<group>"; };
		4FA9A0172BF8A3670099BA48 /* README.md */ = {isa = PBXFileReference; fileEncoding = 4; lastKnownFileType = net.daringfireball.markdown; name = README.md; path = ../README.md; sourceTree = "<group>"; };
		4FB376542DE352AC000F1EA6 /* 2942_Find_Words_Containing_Character.swift */ = {isa = PBXFileReference; lastKnownFileType = sourcecode.swift; path = 2942_Find_Words_Containing_Character.swift; sourceTree = "<group>"; };
		4FB376562DE3532B000F1EA6 /* 2942_Find_Words_Containing_CharacterTests.swift */ = {isa = PBXFileReference; lastKnownFileType = sourcecode.swift; path = 2942_Find_Words_Containing_CharacterTests.swift; sourceTree = "<group>"; };
		4FB376EA2DE6548C000F1EA6 /* 2894_Divisible_and_Non_divisible_Sums_Difference.swift */ = {isa = PBXFileReference; lastKnownFileType = sourcecode.swift; path = 2894_Divisible_and_Non_divisible_Sums_Difference.swift; sourceTree = "<group>"; };
		4FB376EC2DE654E9000F1EA6 /* 2894_Divisible_and_Non_divisible_Sums_DifferenceTests.swift */ = {isa = PBXFileReference; lastKnownFileType = sourcecode.swift; path = 2894_Divisible_and_Non_divisible_Sums_DifferenceTests.swift; sourceTree = "<group>"; };
		4FEBA2E62A9A5A8A004211D9 /* 217_Contains_Duplicate.swift */ = {isa = PBXFileReference; lastKnownFileType = sourcecode.swift; path = 217_Contains_Duplicate.swift; sourceTree = "<group>"; };
		4FEBA2E92A9A5AED004211D9 /* 217_Contains_Duplicate_Tests.swift */ = {isa = PBXFileReference; lastKnownFileType = sourcecode.swift; path = 217_Contains_Duplicate_Tests.swift; sourceTree = "<group>"; };
		4FEBA2EC2A9A88CB004211D9 /* 242_Valid_Anagram.swift */ = {isa = PBXFileReference; lastKnownFileType = sourcecode.swift; path = 242_Valid_Anagram.swift; sourceTree = "<group>"; };
		4FEBA2EF2A9A88D8004211D9 /* 242_Valid_Anagram_Tests.swift */ = {isa = PBXFileReference; lastKnownFileType = sourcecode.swift; path = 242_Valid_Anagram_Tests.swift; sourceTree = "<group>"; };
		CBA559F5275CC6A10005C92C /* leetcode */ = {isa = PBXFileReference; explicitFileType = "compiled.mach-o.executable"; includeInIndex = 0; path = leetcode; sourceTree = BUILT_PRODUCTS_DIR; };
		CBA559F8275CC6A10005C92C /* main.swift */ = {isa = PBXFileReference; lastKnownFileType = sourcecode.swift; path = main.swift; sourceTree = "<group>"; };
		CBA55A06275CC81F0005C92C /* ProblemsTests.xctest */ = {isa = PBXFileReference; explicitFileType = wrapper.cfbundle; includeInIndex = 0; path = ProblemsTests.xctest; sourceTree = BUILT_PRODUCTS_DIR; };
		CBA55A08275CC81F0005C92C /* 1_TwoSum_Tests.swift */ = {isa = PBXFileReference; lastKnownFileType = sourcecode.swift; path = 1_TwoSum_Tests.swift; sourceTree = "<group>"; };
		CBEB611627A5563F00D40F63 /* 1_TwoSum.swift */ = {isa = PBXFileReference; lastKnownFileType = sourcecode.swift; path = 1_TwoSum.swift; sourceTree = "<group>"; };
		CBEB611D27A5D86B00D40F63 /* 2_Add_Two_Numbers.swift */ = {isa = PBXFileReference; lastKnownFileType = sourcecode.swift; path = 2_Add_Two_Numbers.swift; sourceTree = "<group>"; };
		CBEB612227A5D88E00D40F63 /* 2_Add_Two_Numbers_Tests.swift */ = {isa = PBXFileReference; lastKnownFileType = sourcecode.swift; path = 2_Add_Two_Numbers_Tests.swift; sourceTree = "<group>"; };
		CBEB612527A5DAEB00D40F63 /* 22_Generate_Parentheses.swift */ = {isa = PBXFileReference; lastKnownFileType = sourcecode.swift; path = 22_Generate_Parentheses.swift; sourceTree = "<group>"; };
		CBEB612827A5DB1D00D40F63 /* 22_Generate_Parentheses_Tests.swift */ = {isa = PBXFileReference; lastKnownFileType = sourcecode.swift; path = 22_Generate_Parentheses_Tests.swift; sourceTree = "<group>"; };
		CBEB612B27A5DD3F00D40F63 /* 125_Valid_Palindrome.swift */ = {isa = PBXFileReference; lastKnownFileType = sourcecode.swift; path = 125_Valid_Palindrome.swift; sourceTree = "<group>"; };
		CBEB612E27A5DD4A00D40F63 /* 125_Valid_Palindrome_Tests.swift */ = {isa = PBXFileReference; lastKnownFileType = sourcecode.swift; path = 125_Valid_Palindrome_Tests.swift; sourceTree = "<group>"; };
		CBEB613027A67B7500D40F63 /* 155_Min_Stack.swift */ = {isa = PBXFileReference; lastKnownFileType = sourcecode.swift; path = 155_Min_Stack.swift; sourceTree = "<group>"; };
		CBEB613327A67BCD00D40F63 /* 155_Min_Stack_Tests.swift */ = {isa = PBXFileReference; lastKnownFileType = sourcecode.swift; path = 155_Min_Stack_Tests.swift; sourceTree = "<group>"; };
		CBEB613627A6AEB500D40F63 /* 17_Letter_Combinations_of_a_Phone_Number.swift */ = {isa = PBXFileReference; lastKnownFileType = sourcecode.swift; path = 17_Letter_Combinations_of_a_Phone_Number.swift; sourceTree = "<group>"; };
		CBEB613927A6AEF900D40F63 /* 17_Letter_Combinations_of_a_Phone_Number_Tests.swift */ = {isa = PBXFileReference; lastKnownFileType = sourcecode.swift; path = 17_Letter_Combinations_of_a_Phone_Number_Tests.swift; sourceTree = "<group>"; };
/* End PBXFileReference section */

/* Begin PBXFrameworksBuildPhase section */
		CBA559F2275CC6A10005C92C /* Frameworks */ = {
			isa = PBXFrameworksBuildPhase;
			buildActionMask = 2147483647;
			files = (
			);
			runOnlyForDeploymentPostprocessing = 0;
		};
		CBA55A03275CC81F0005C92C /* Frameworks */ = {
			isa = PBXFrameworksBuildPhase;
			buildActionMask = 2147483647;
			files = (
			);
			runOnlyForDeploymentPostprocessing = 0;
		};
/* End PBXFrameworksBuildPhase section */

/* Begin PBXGroup section */
		4F795E8C2C0A2AE40025FE35 /* Hard */ = {
			isa = PBXGroup;
			children = (
				4F795E8A2C0A2ADE0025FE35 /* 42_Trapping_Rain_Water.swift */,
			);
			path = Hard;
			sourceTree = "<group>";
		};
		4F795E8D2C0A2AF60025FE35 /* Hard */ = {
			isa = PBXGroup;
			children = (
				4F795E902C0A2B1E0025FE35 /* 42_Trapping_Rain_Water_Tests.swift */,
			);
			path = Hard;
			sourceTree = "<group>";
		};
		4F8E54272D0F0EFC0038DFC7 /* Common */ = {
			isa = PBXGroup;
			children = (
				4F8A62C32DEDE12600598687 /* CharStack.swift */,
				4F8E54282D0F0F080038DFC7 /* ListNode.swift */,
				4F41F5D22D189F18001DFD34 /* TreeNode.swift */,
			);
			path = Common;
			sourceTree = "<group>";
		};
		CBA559EC275CC6A10005C92C = {
			isa = PBXGroup;
			children = (
				4FA9A0172BF8A3670099BA48 /* README.md */,
				4F8E54272D0F0EFC0038DFC7 /* Common */,
				CBA559F7275CC6A10005C92C /* Problems */,
				CBA55A07275CC81F0005C92C /* ProblemsTests */,
				CBA559F6275CC6A10005C92C /* Products */,
			);
			sourceTree = "<group>";
		};
		CBA559F6275CC6A10005C92C /* Products */ = {
			isa = PBXGroup;
			children = (
				CBA559F5275CC6A10005C92C /* leetcode */,
				CBA55A06275CC81F0005C92C /* ProblemsTests.xctest */,
			);
			name = Products;
			sourceTree = "<group>";
		};
		CBA559F7275CC6A10005C92C /* Problems */ = {
			isa = PBXGroup;
			children = (
				CBEB611B27A5D6EC00D40F63 /* Easy */,
				CBEB612027A5D87400D40F63 /* Medium */,
				4F795E8C2C0A2AE40025FE35 /* Hard */,
				CBA559F8275CC6A10005C92C /* main.swift */,
			);
			path = Problems;
			sourceTree = "<group>";
		};
		CBA55A07275CC81F0005C92C /* ProblemsTests */ = {
			isa = PBXGroup;
			children = (
				CBEB611C27A5D72000D40F63 /* Easy */,
				CBEB612127A5D87F00D40F63 /* Medium */,
				4F795E8D2C0A2AF60025FE35 /* Hard */,
			);
			path = ProblemsTests;
			sourceTree = "<group>";
		};
		CBEB611B27A5D6EC00D40F63 /* Easy */ = {
			isa = PBXGroup;
			children = (
				CBEB611627A5563F00D40F63 /* 1_TwoSum.swift */,
				4F795E922C0A44300025FE35 /* 20_Valid_Parentheses.swift */,
				CBEB612B27A5DD3F00D40F63 /* 125_Valid_Palindrome.swift */,
				4FEBA2E62A9A5A8A004211D9 /* 217_Contains_Duplicate.swift */,
				4FEBA2EC2A9A88CB004211D9 /* 242_Valid_Anagram.swift */,
				4FA541512D062A9B00FAA179 /* 704_Binary_Search.swift */,
				4F8E54212D0EDF620038DFC7 /* 121_Best_Time_to_Buy_and_Sell_Stock.swift */,
				4F8E54252D0F0DE30038DFC7 /* 206_Reverse_Linked_List.swift */,
				4F41F5CC2D189090001DFD34 /* 21_Merge_Two_Sorted_Lists.swift */,
				4F41F5D02D189E42001DFD34 /* 226_Invert_Binary_Tree.swift */,
				4F111B4C2D2C0A3C005CB746 /* 104_Maximum_Depth_of_Binary_Tree.swift */,
				4F9F86AA2D3C0EC300FE37DE /* 543_Diameter_of_Binary_Tree.swift */,
				4F9F86B02D3C157500FE37DE /* 110_Balanced_Binary_Tree.swift */,
				4F44DF842D456A87009F3691 /* 100_Same_Tree.swift */,
				4F7A09122D4FECBD001EC0FD /* 572_Subtree_of_Another_Tree.swift */,
				4FB376542DE352AC000F1EA6 /* 2942_Find_Words_Containing_Character.swift */,
				4FB376EA2DE6548C000F1EA6 /* 2894_Divisible_and_Non_divisible_Sums_Difference.swift */,
				4F8A62C12DEDE0FF00598687 /* 3174_Clear_Digits.swift */,
				4F516C102DFCD20700C8C83D /* 169_Majority_Element.swift */,
				4F516C252DFEC47700C8C83D /* 58_Length_of_Last_Word.swift */,
				4F516C292DFEC8E600C8C83D /* 14_Longest_Commong_Prefix.swift */,
				4F516C2D2DFEDD4300C8C83D /* 26_Remove_Duplicates_from_Sorted_Array.swift */,
				4F516C312E041ECD00C8C83D /* 27_Remove_Element.swift */,
			);
			path = Easy;
			sourceTree = "<group>";
		};
		CBEB611C27A5D72000D40F63 /* Easy */ = {
			isa = PBXGroup;
			children = (
				CBA55A08275CC81F0005C92C /* 1_TwoSum_Tests.swift */,
				4F795E942C0A443B0025FE35 /* 20_Valid_ParenthesesTests.swift */,
				CBEB612E27A5DD4A00D40F63 /* 125_Valid_Palindrome_Tests.swift */,
				4FEBA2E92A9A5AED004211D9 /* 217_Contains_Duplicate_Tests.swift */,
				4FEBA2EF2A9A88D8004211D9 /* 242_Valid_Anagram_Tests.swift */,
				4FA541532D062AAC00FAA179 /* 704_Binary_Search_Tests.swift */,
				4F8E54232D0EDF930038DFC7 /* 121_Best_Time_to_Buy_and_Sell_Stock_Tests.swift */,
				4F8E542A2D0F0F2E0038DFC7 /* 206_Reverse_Linked_ListTests.swift */,
				4F41F5CE2D189165001DFD34 /* 21_Merge_Two_Sorted_ListsTests.swift */,
				4F41F5D42D189FCE001DFD34 /* 226_Invert_Binary_TreeTests.swift */,
				4F111B4E2D2C0A4A005CB746 /* 104_Maximum_Depth_of_Binary_TreeTests.swift */,
				4F9F86AE2D3C0EE600FE37DE /* 543_Diameter_of_Binary_TreeTests.swift */,
				4F9F86B22D3C157E00FE37DE /* 110_Balanced_Binary_TreeTests.swift */,
				4F44DF862D456A90009F3691 /* 100_Same_TreeTests.swift */,
				4F7A09142D4FECC5001EC0FD /* 572_Subtree_of_Another_TreeTests.swift */,
				4FB376562DE3532B000F1EA6 /* 2942_Find_Words_Containing_CharacterTests.swift */,
				4FB376EC2DE654E9000F1EA6 /* 2894_Divisible_and_Non_divisible_Sums_DifferenceTests.swift */,
				4F8A62C72DEDE18400598687 /* 3174_Clear_DigitsTests.swift */,
				4F516C142DFCD23700C8C83D /* 169_Majority_ElementTests.swift */,
				4F516C272DFEC4EE00C8C83D /* 58_Length_of_Last_WordTests.swift */,
				4F516C2B2DFEC8EC00C8C83D /* 14_Longest_Commong_PrefixTests.swift */,
				4F516C2F2DFEDD4D00C8C83D /* 26_Remove_Duplicates_from_Sorted_ArrayTests.swift */,
				4F516C332E041EDA00C8C83D /* 27_Remove_ElementTests.swift */,
			);
			path = Easy;
			sourceTree = "<group>";
		};
		CBEB612027A5D87400D40F63 /* Medium */ = {
			isa = PBXGroup;
			children = (
				CBEB611D27A5D86B00D40F63 /* 2_Add_Two_Numbers.swift */,
				4F8490F22C022252004AC7DE /* 11_Container_With_Most_Water.swift */,
				4F33A54D2BE79E32005AD388 /* 15_3Sum.swift */,
				CBEB613627A6AEB500D40F63 /* 17_Letter_Combinations_of_a_Phone_Number.swift */,
				CBEB612527A5DAEB00D40F63 /* 22_Generate_Parentheses.swift */,
				4F7C78C72BD3C9D200A7C9D2 /* 36_Valid_Sudoku.swift */,
				4F47D8462BBB06B60090C610 /* 49_Group_Anagrams.swift */,
				4F7C78D22BD5558100A7C9D2 /* 128_Longest_Consecutive_Sequence.swift */,
				4F795E962C0A57D30025FE35 /* 150_Evaluate_Reverse_Polish_Notation.swift */,
				CBEB613027A67B7500D40F63 /* 155_Min_Stack.swift */,
				4F7C78D72BE6834600A7C9D2 /* 167_Two_Sum_II_Input_Array_Is_Sorted.swift */,
				4F47D8532BC325BF0090C610 /* 238_Product_of_Array_Except_Self.swift */,
				4F7C78CE2BD46A5200A7C9D2 /* 271_Encode_and_Decode_Strings.swift */,
				4F47D84E2BC2E9B30090C610 /* 347_Top_K_Frequent_Elements.swift */,
				4F795E9A2C0C90000025FE35 /* 739_Daily_Temperatures.swift */,
				4F795E9E2C0CCEA10025FE35 /* 853_Car_Fleet.swift */,
				4FA541552D0642C500FAA179 /* 74_Search_2D_Matrix.swift */,
				4F8E541D2D0DA4A70038DFC7 /* 875_Koko_Eating_Bananas.swift */,
			);
			path = Medium;
			sourceTree = "<group>";
		};
		CBEB612127A5D87F00D40F63 /* Medium */ = {
			isa = PBXGroup;
			children = (
				CBEB612227A5D88E00D40F63 /* 2_Add_Two_Numbers_Tests.swift */,
				4F8490F42C02226C004AC7DE /* 11_Container_With_Most_Water_Tests.swift */,
				4F33A54F2BE79E65005AD388 /* 15_3Sum_TestsTests.swift */,
				CBEB613927A6AEF900D40F63 /* 17_Letter_Combinations_of_a_Phone_Number_Tests.swift */,
				CBEB612827A5DB1D00D40F63 /* 22_Generate_Parentheses_Tests.swift */,
				4F7C78C92BD3C9DC00A7C9D2 /* 36_Valid_Sudoku_Tests.swift */,
				4F47D8492BBB080E0090C610 /* 49_Group_Anagrams_Tests.swift */,
				4F7C78D42BD5558700A7C9D2 /* 128_Longest_Consecutive_Sequence_Tests.swift */,
				4F795E982C0A57DE0025FE35 /* 150_Evaluate_Reverse_Polish_Notation_Tests.swift */,
				CBEB613327A67BCD00D40F63 /* 155_Min_Stack_Tests.swift */,
				4F7C78D92BE6835400A7C9D2 /* 167_Two_Sum_II_Input_Array_Is_Sorted_Tests.swift */,
				4F47D8552BC325C80090C610 /* 238_Product_of_Array_Except_Self_Tests.swift */,
				4F7C78D02BD46A6000A7C9D2 /* 271_Encode_and_Decode_Strings_Tests.swift */,
				4F47D8502BC2E9C70090C610 /* 347_Top_K_Frequent_Elements_Tests.swift */,
				4F795E9C2C0C90090025FE35 /* 739_Daily_Temperatures_Tests.swift */,
				4F795EA02C0CCEAB0025FE35 /* 853_Car_Fleet_Tests.swift */,
				4FA541572D0642D300FAA179 /* 74_Search_2D_Matrix_Tests.swift */,
				4F8E541F2D0DA4C20038DFC7 /* 875_Koko_Eating_Bananas_Tests.swift */,
			);
			path = Medium;
			sourceTree = "<group>";
		};
/* End PBXGroup section */

/* Begin PBXNativeTarget section */
		CBA559F4275CC6A10005C92C /* leetcode */ = {
			isa = PBXNativeTarget;
			buildConfigurationList = CBA559FC275CC6A10005C92C /* Build configuration list for PBXNativeTarget "leetcode" */;
			buildPhases = (
				CBA559F1275CC6A10005C92C /* Sources */,
				CBA559F2275CC6A10005C92C /* Frameworks */,
				CBA559F3275CC6A10005C92C /* CopyFiles */,
			);
			buildRules = (
			);
			dependencies = (
			);
			name = leetcode;
			productName = leetcode;
			productReference = CBA559F5275CC6A10005C92C /* leetcode */;
			productType = "com.apple.product-type.tool";
		};
		CBA55A05275CC81F0005C92C /* ProblemsTests */ = {
			isa = PBXNativeTarget;
			buildConfigurationList = CBA55A0A275CC81F0005C92C /* Build configuration list for PBXNativeTarget "ProblemsTests" */;
			buildPhases = (
				CBA55A02275CC81F0005C92C /* Sources */,
				CBA55A03275CC81F0005C92C /* Frameworks */,
				CBA55A04275CC81F0005C92C /* Resources */,
			);
			buildRules = (
			);
			dependencies = (
			);
			name = ProblemsTests;
			productName = ProblemsTests;
			productReference = CBA55A06275CC81F0005C92C /* ProblemsTests.xctest */;
			productType = "com.apple.product-type.bundle.unit-test";
		};
/* End PBXNativeTarget section */

/* Begin PBXProject section */
		CBA559ED275CC6A10005C92C /* Project object */ = {
			isa = PBXProject;
			attributes = {
				BuildIndependentTargetsInParallel = 1;
				LastSwiftUpdateCheck = 1310;
				LastUpgradeCheck = 1310;
				TargetAttributes = {
					CBA559F4275CC6A10005C92C = {
						CreatedOnToolsVersion = 13.1;
					};
					CBA55A05275CC81F0005C92C = {
						CreatedOnToolsVersion = 13.1;
					};
				};
			};
			buildConfigurationList = CBA559F0275CC6A10005C92C /* Build configuration list for PBXProject "leetcode" */;
			compatibilityVersion = "Xcode 13.0";
			developmentRegion = en;
			hasScannedForEncodings = 0;
			knownRegions = (
				en,
				Base,
			);
			mainGroup = CBA559EC275CC6A10005C92C;
			productRefGroup = CBA559F6275CC6A10005C92C /* Products */;
			projectDirPath = "";
			projectRoot = "";
			targets = (
				CBA559F4275CC6A10005C92C /* leetcode */,
				CBA55A05275CC81F0005C92C /* ProblemsTests */,
			);
		};
/* End PBXProject section */

/* Begin PBXResourcesBuildPhase section */
		CBA55A04275CC81F0005C92C /* Resources */ = {
			isa = PBXResourcesBuildPhase;
			buildActionMask = 2147483647;
			files = (
				4FA9A0182BF8A3670099BA48 /* README.md in Resources */,
			);
			runOnlyForDeploymentPostprocessing = 0;
		};
/* End PBXResourcesBuildPhase section */

/* Begin PBXSourcesBuildPhase section */
		CBA559F1275CC6A10005C92C /* Sources */ = {
			isa = PBXSourcesBuildPhase;
			buildActionMask = 2147483647;
			files = (
				CBA559F9275CC6A10005C92C /* main.swift in Sources */,
			);
			runOnlyForDeploymentPostprocessing = 0;
		};
		CBA55A02275CC81F0005C92C /* Sources */ = {
			isa = PBXSourcesBuildPhase;
			buildActionMask = 2147483647;
			files = (
				4F7C78D32BD5558100A7C9D2 /* 128_Longest_Consecutive_Sequence.swift in Sources */,
				4F516C2C2DFEC8EC00C8C83D /* 14_Longest_Commong_PrefixTests.swift in Sources */,
				4F795E972C0A57D30025FE35 /* 150_Evaluate_Reverse_Polish_Notation.swift in Sources */,
				CBEB612727A5DAEB00D40F63 /* 22_Generate_Parentheses.swift in Sources */,
				4F795E8B2C0A2ADE0025FE35 /* 42_Trapping_Rain_Water.swift in Sources */,
				4F44DF852D456A87009F3691 /* 100_Same_Tree.swift in Sources */,
				CBEB613827A6AEB500D40F63 /* 17_Letter_Combinations_of_a_Phone_Number.swift in Sources */,
				4FB376EB2DE6548C000F1EA6 /* 2894_Divisible_and_Non_divisible_Sums_Difference.swift in Sources */,
				4F795E992C0A57DE0025FE35 /* 150_Evaluate_Reverse_Polish_Notation_Tests.swift in Sources */,
				4F795EA12C0CCEAB0025FE35 /* 853_Car_Fleet_Tests.swift in Sources */,
				4FB376ED2DE654E9000F1EA6 /* 2894_Divisible_and_Non_divisible_Sums_DifferenceTests.swift in Sources */,
				4F9F86AB2D3C0EC300FE37DE /* 543_Diameter_of_Binary_Tree.swift in Sources */,
				4F47D84B2BBB080E0090C610 /* 49_Group_Anagrams_Tests.swift in Sources */,
				4F7C78D12BD46A6000A7C9D2 /* 271_Encode_and_Decode_Strings_Tests.swift in Sources */,
				4F44DF872D456A90009F3691 /* 100_Same_TreeTests.swift in Sources */,
				4F8E541E2D0DA4A70038DFC7 /* 875_Koko_Eating_Bananas.swift in Sources */,
				4F33A5502BE79E65005AD388 /* 15_3Sum_TestsTests.swift in Sources */,
				CBEB613B27A6AEF900D40F63 /* 17_Letter_Combinations_of_a_Phone_Number_Tests.swift in Sources */,
				4F8E542B2D0F0F2E0038DFC7 /* 206_Reverse_Linked_ListTests.swift in Sources */,
				4F8A62C42DEDE12600598687 /* CharStack.swift in Sources */,
				CBEB612427A5D88E00D40F63 /* 2_Add_Two_Numbers_Tests.swift in Sources */,
				4FA541562D0642C500FAA179 /* 74_Search_2D_Matrix.swift in Sources */,
				4F8A62C82DEDE18400598687 /* 3174_Clear_DigitsTests.swift in Sources */,
				4F516C2A2DFEC8E600C8C83D /* 14_Longest_Commong_Prefix.swift in Sources */,
				4F795E952C0A443B0025FE35 /* 20_Valid_ParenthesesTests.swift in Sources */,
				4F8E54202D0DA4C20038DFC7 /* 875_Koko_Eating_Bananas_Tests.swift in Sources */,
				4F47D8522BC2EAC20090C610 /* 347_Top_K_Frequent_Elements.swift in Sources */,
				4F516C282DFEC4EE00C8C83D /* 58_Length_of_Last_WordTests.swift in Sources */,
				4FA541542D062AAC00FAA179 /* 704_Binary_Search_Tests.swift in Sources */,
				4F516C112DFCD20700C8C83D /* 169_Majority_Element.swift in Sources */,
				4F41F5CD2D189090001DFD34 /* 21_Merge_Two_Sorted_Lists.swift in Sources */,
				4F795E9B2C0C90000025FE35 /* 739_Daily_Temperatures.swift in Sources */,
				4F795E9D2C0C90090025FE35 /* 739_Daily_Temperatures_Tests.swift in Sources */,
				4F111B4D2D2C0A3C005CB746 /* 104_Maximum_Depth_of_Binary_Tree.swift in Sources */,
				4F33A54E2BE79E32005AD388 /* 15_3Sum.swift in Sources */,
				CBEB611F27A5D86B00D40F63 /* 2_Add_Two_Numbers.swift in Sources */,
				4FEBA2E82A9A5A8A004211D9 /* 217_Contains_Duplicate.swift in Sources */,
				4FB376552DE352AC000F1EA6 /* 2942_Find_Words_Containing_Character.swift in Sources */,
				4F7A09132D4FECBD001EC0FD /* 572_Subtree_of_Another_Tree.swift in Sources */,
				4F7A09152D4FECC5001EC0FD /* 572_Subtree_of_Another_TreeTests.swift in Sources */,
				4F9F86B12D3C157500FE37DE /* 110_Balanced_Binary_Tree.swift in Sources */,
				4FA541582D0642D300FAA179 /* 74_Search_2D_Matrix_Tests.swift in Sources */,
				4F516C262DFEC47700C8C83D /* 58_Length_of_Last_Word.swift in Sources */,
				4F47D84C2BBB08E00090C610 /* 49_Group_Anagrams.swift in Sources */,
				4FA541522D062A9B00FAA179 /* 704_Binary_Search.swift in Sources */,
				4F47D8542BC325BF0090C610 /* 238_Product_of_Array_Except_Self.swift in Sources */,
				4F7C78D82BE6834600A7C9D2 /* 167_Two_Sum_II_Input_Array_Is_Sorted.swift in Sources */,
				4F795E912C0A2B1E0025FE35 /* 42_Trapping_Rain_Water_Tests.swift in Sources */,
				4F9F86AF2D3C0EE600FE37DE /* 543_Diameter_of_Binary_TreeTests.swift in Sources */,
				4F8E54292D0F0F120038DFC7 /* ListNode.swift in Sources */,
				4F7C78CA2BD3C9DC00A7C9D2 /* 36_Valid_Sudoku_Tests.swift in Sources */,
				CBEB613527A67BCD00D40F63 /* 155_Min_Stack_Tests.swift in Sources */,
				4F795E9F2C0CCEA10025FE35 /* 853_Car_Fleet.swift in Sources */,
				4F7C78D52BD5558700A7C9D2 /* 128_Longest_Consecutive_Sequence_Tests.swift in Sources */,
				4F47D8512BC2E9C70090C610 /* 347_Top_K_Frequent_Elements_Tests.swift in Sources */,
				4F7C78DA2BE6835400A7C9D2 /* 167_Two_Sum_II_Input_Array_Is_Sorted_Tests.swift in Sources */,
				4FEBA2F12A9A88D8004211D9 /* 242_Valid_Anagram_Tests.swift in Sources */,
				4F8E54242D0EDF930038DFC7 /* 121_Best_Time_to_Buy_and_Sell_Stock_Tests.swift in Sources */,
				4FB376572DE3532B000F1EA6 /* 2942_Find_Words_Containing_CharacterTests.swift in Sources */,
				4F41F5CF2D189165001DFD34 /* 21_Merge_Two_Sorted_ListsTests.swift in Sources */,
				4F9F86B32D3C157E00FE37DE /* 110_Balanced_Binary_TreeTests.swift in Sources */,
				4FEBA2EB2A9A5AED004211D9 /* 217_Contains_Duplicate_Tests.swift in Sources */,
				4F516C342E041EDA00C8C83D /* 27_Remove_ElementTests.swift in Sources */,
				4F516C302DFEDD4D00C8C83D /* 26_Remove_Duplicates_from_Sorted_ArrayTests.swift in Sources */,
				CBEB611A27A5583800D40F63 /* 1_TwoSum.swift in Sources */,
				4F41F5D32D189F18001DFD34 /* TreeNode.swift in Sources */,
				4F516C322E041ECD00C8C83D /* 27_Remove_Element.swift in Sources */,
				4F7C78CF2BD46A5200A7C9D2 /* 271_Encode_and_Decode_Strings.swift in Sources */,
				4F41F5D52D189FCE001DFD34 /* 226_Invert_Binary_TreeTests.swift in Sources */,
				4F8E54262D0F0DE30038DFC7 /* 206_Reverse_Linked_List.swift in Sources */,
				CBEB613227A67B7500D40F63 /* 155_Min_Stack.swift in Sources */,
				CBEB612F27A5DD4A00D40F63 /* 125_Valid_Palindrome_Tests.swift in Sources */,
				4F795E932C0A44300025FE35 /* 20_Valid_Parentheses.swift in Sources */,
				4F516C2E2DFEDD4300C8C83D /* 26_Remove_Duplicates_from_Sorted_Array.swift in Sources */,
				4F7C78C82BD3C9D200A7C9D2 /* 36_Valid_Sudoku.swift in Sources */,
				4F111B4F2D2C0A4A005CB746 /* 104_Maximum_Depth_of_Binary_TreeTests.swift in Sources */,
				4F8490F32C022252004AC7DE /* 11_Container_With_Most_Water.swift in Sources */,
				CBA55A09275CC81F0005C92C /* 1_TwoSum_Tests.swift in Sources */,
				4F8E54222D0EDF620038DFC7 /* 121_Best_Time_to_Buy_and_Sell_Stock.swift in Sources */,
				4F516C152DFCD23700C8C83D /* 169_Majority_ElementTests.swift in Sources */,
				CBEB612A27A5DB1D00D40F63 /* 22_Generate_Parentheses_Tests.swift in Sources */,
				4F41F5D12D189E42001DFD34 /* 226_Invert_Binary_Tree.swift in Sources */,
				4F8490F52C02226C004AC7DE /* 11_Container_With_Most_Water_Tests.swift in Sources */,
				4F47D8562BC325C80090C610 /* 238_Product_of_Array_Except_Self_Tests.swift in Sources */,
				4F8A62C22DEDE0FF00598687 /* 3174_Clear_Digits.swift in Sources */,
				CBEB612D27A5DD3F00D40F63 /* 125_Valid_Palindrome.swift in Sources */,
				4F47D84D2BBB08F00090C610 /* 242_Valid_Anagram.swift in Sources */,
			);
			runOnlyForDeploymentPostprocessing = 0;
		};
/* End PBXSourcesBuildPhase section */

/* Begin XCBuildConfiguration section */
		CBA559FA275CC6A10005C92C /* Debug */ = {
			isa = XCBuildConfiguration;
			buildSettings = {
				ALWAYS_SEARCH_USER_PATHS = NO;
				CLANG_ANALYZER_NONNULL = YES;
				CLANG_ANALYZER_NUMBER_OBJECT_CONVERSION = YES_AGGRESSIVE;
				CLANG_CXX_LANGUAGE_STANDARD = "gnu++17";
				CLANG_CXX_LIBRARY = "libc++";
				CLANG_ENABLE_MODULES = YES;
				CLANG_ENABLE_OBJC_ARC = YES;
				CLANG_ENABLE_OBJC_WEAK = YES;
				CLANG_WARN_BLOCK_CAPTURE_AUTORELEASING = YES;
				CLANG_WARN_BOOL_CONVERSION = YES;
				CLANG_WARN_COMMA = YES;
				CLANG_WARN_CONSTANT_CONVERSION = YES;
				CLANG_WARN_DEPRECATED_OBJC_IMPLEMENTATIONS = YES;
				CLANG_WARN_DIRECT_OBJC_ISA_USAGE = YES_ERROR;
				CLANG_WARN_DOCUMENTATION_COMMENTS = YES;
				CLANG_WARN_EMPTY_BODY = YES;
				CLANG_WARN_ENUM_CONVERSION = YES;
				CLANG_WARN_INFINITE_RECURSION = YES;
				CLANG_WARN_INT_CONVERSION = YES;
				CLANG_WARN_NON_LITERAL_NULL_CONVERSION = YES;
				CLANG_WARN_OBJC_IMPLICIT_RETAIN_SELF = YES;
				CLANG_WARN_OBJC_LITERAL_CONVERSION = YES;
				CLANG_WARN_OBJC_ROOT_CLASS = YES_ERROR;
				CLANG_WARN_QUOTED_INCLUDE_IN_FRAMEWORK_HEADER = YES;
				CLANG_WARN_RANGE_LOOP_ANALYSIS = YES;
				CLANG_WARN_STRICT_PROTOTYPES = YES;
				CLANG_WARN_SUSPICIOUS_MOVE = YES;
				CLANG_WARN_UNGUARDED_AVAILABILITY = YES_AGGRESSIVE;
				CLANG_WARN_UNREACHABLE_CODE = YES;
				CLANG_WARN__DUPLICATE_METHOD_MATCH = YES;
				COPY_PHASE_STRIP = NO;
				DEBUG_INFORMATION_FORMAT = dwarf;
				ENABLE_STRICT_OBJC_MSGSEND = YES;
				ENABLE_TESTABILITY = YES;
				GCC_C_LANGUAGE_STANDARD = gnu11;
				GCC_DYNAMIC_NO_PIC = NO;
				GCC_NO_COMMON_BLOCKS = YES;
				GCC_OPTIMIZATION_LEVEL = 0;
				GCC_PREPROCESSOR_DEFINITIONS = (
					"DEBUG=1",
					"$(inherited)",
				);
				GCC_WARN_64_TO_32_BIT_CONVERSION = YES;
				GCC_WARN_ABOUT_RETURN_TYPE = YES_ERROR;
				GCC_WARN_UNDECLARED_SELECTOR = YES;
				GCC_WARN_UNINITIALIZED_AUTOS = YES_AGGRESSIVE;
				GCC_WARN_UNUSED_FUNCTION = YES;
				GCC_WARN_UNUSED_VARIABLE = YES;
				MACOSX_DEPLOYMENT_TARGET = 11.4;
				MTL_ENABLE_DEBUG_INFO = INCLUDE_SOURCE;
				MTL_FAST_MATH = YES;
				ONLY_ACTIVE_ARCH = YES;
				SDKROOT = macosx;
				SWIFT_ACTIVE_COMPILATION_CONDITIONS = DEBUG;
				SWIFT_OPTIMIZATION_LEVEL = "-Onone";
			};
			name = Debug;
		};
		CBA559FB275CC6A10005C92C /* Release */ = {
			isa = XCBuildConfiguration;
			buildSettings = {
				ALWAYS_SEARCH_USER_PATHS = NO;
				CLANG_ANALYZER_NONNULL = YES;
				CLANG_ANALYZER_NUMBER_OBJECT_CONVERSION = YES_AGGRESSIVE;
				CLANG_CXX_LANGUAGE_STANDARD = "gnu++17";
				CLANG_CXX_LIBRARY = "libc++";
				CLANG_ENABLE_MODULES = YES;
				CLANG_ENABLE_OBJC_ARC = YES;
				CLANG_ENABLE_OBJC_WEAK = YES;
				CLANG_WARN_BLOCK_CAPTURE_AUTORELEASING = YES;
				CLANG_WARN_BOOL_CONVERSION = YES;
				CLANG_WARN_COMMA = YES;
				CLANG_WARN_CONSTANT_CONVERSION = YES;
				CLANG_WARN_DEPRECATED_OBJC_IMPLEMENTATIONS = YES;
				CLANG_WARN_DIRECT_OBJC_ISA_USAGE = YES_ERROR;
				CLANG_WARN_DOCUMENTATION_COMMENTS = YES;
				CLANG_WARN_EMPTY_BODY = YES;
				CLANG_WARN_ENUM_CONVERSION = YES;
				CLANG_WARN_INFINITE_RECURSION = YES;
				CLANG_WARN_INT_CONVERSION = YES;
				CLANG_WARN_NON_LITERAL_NULL_CONVERSION = YES;
				CLANG_WARN_OBJC_IMPLICIT_RETAIN_SELF = YES;
				CLANG_WARN_OBJC_LITERAL_CONVERSION = YES;
				CLANG_WARN_OBJC_ROOT_CLASS = YES_ERROR;
				CLANG_WARN_QUOTED_INCLUDE_IN_FRAMEWORK_HEADER = YES;
				CLANG_WARN_RANGE_LOOP_ANALYSIS = YES;
				CLANG_WARN_STRICT_PROTOTYPES = YES;
				CLANG_WARN_SUSPICIOUS_MOVE = YES;
				CLANG_WARN_UNGUARDED_AVAILABILITY = YES_AGGRESSIVE;
				CLANG_WARN_UNREACHABLE_CODE = YES;
				CLANG_WARN__DUPLICATE_METHOD_MATCH = YES;
				COPY_PHASE_STRIP = NO;
				DEBUG_INFORMATION_FORMAT = "dwarf-with-dsym";
				ENABLE_NS_ASSERTIONS = NO;
				ENABLE_STRICT_OBJC_MSGSEND = YES;
				GCC_C_LANGUAGE_STANDARD = gnu11;
				GCC_NO_COMMON_BLOCKS = YES;
				GCC_WARN_64_TO_32_BIT_CONVERSION = YES;
				GCC_WARN_ABOUT_RETURN_TYPE = YES_ERROR;
				GCC_WARN_UNDECLARED_SELECTOR = YES;
				GCC_WARN_UNINITIALIZED_AUTOS = YES_AGGRESSIVE;
				GCC_WARN_UNUSED_FUNCTION = YES;
				GCC_WARN_UNUSED_VARIABLE = YES;
				MACOSX_DEPLOYMENT_TARGET = 11.4;
				MTL_ENABLE_DEBUG_INFO = NO;
				MTL_FAST_MATH = YES;
				SDKROOT = macosx;
				SWIFT_COMPILATION_MODE = wholemodule;
				SWIFT_OPTIMIZATION_LEVEL = "-O";
			};
			name = Release;
		};
		CBA559FD275CC6A10005C92C /* Debug */ = {
			isa = XCBuildConfiguration;
			buildSettings = {
				CODE_SIGN_STYLE = Automatic;
				DEVELOPMENT_TEAM = F7R89D79NP;
				ENABLE_HARDENED_RUNTIME = YES;
				PRODUCT_NAME = "$(TARGET_NAME)";
				SWIFT_VERSION = 5.0;
			};
			name = Debug;
		};
		CBA559FE275CC6A10005C92C /* Release */ = {
			isa = XCBuildConfiguration;
			buildSettings = {
				CODE_SIGN_STYLE = Automatic;
				DEVELOPMENT_TEAM = 8EF4CLU9HX;
				ENABLE_HARDENED_RUNTIME = YES;
				PRODUCT_NAME = "$(TARGET_NAME)";
				SWIFT_VERSION = 5.0;
			};
			name = Release;
		};
		CBA55A0B275CC81F0005C92C /* Debug */ = {
			isa = XCBuildConfiguration;
			buildSettings = {
				CODE_SIGN_STYLE = Automatic;
				COMBINE_HIDPI_IMAGES = YES;
				CURRENT_PROJECT_VERSION = 1;
				DEVELOPMENT_TEAM = F7R89D79NP;
				GENERATE_INFOPLIST_FILE = YES;
				LD_RUNPATH_SEARCH_PATHS = (
					"$(inherited)",
					"@executable_path/../Frameworks",
					"@loader_path/../Frameworks",
				);
				MARKETING_VERSION = 1.0;
				PRODUCT_BUNDLE_IDENTIFIER = atereshkov.leetcode.ProblemsTests;
				PRODUCT_NAME = "$(TARGET_NAME)";
				SWIFT_EMIT_LOC_STRINGS = NO;
				SWIFT_VERSION = 5.0;
			};
			name = Debug;
		};
		CBA55A0C275CC81F0005C92C /* Release */ = {
			isa = XCBuildConfiguration;
			buildSettings = {
				CODE_SIGN_STYLE = Automatic;
				COMBINE_HIDPI_IMAGES = YES;
				CURRENT_PROJECT_VERSION = 1;
				DEVELOPMENT_TEAM = F7R89D79NP;
				GENERATE_INFOPLIST_FILE = YES;
				LD_RUNPATH_SEARCH_PATHS = (
					"$(inherited)",
					"@executable_path/../Frameworks",
					"@loader_path/../Frameworks",
				);
				MARKETING_VERSION = 1.0;
				PRODUCT_BUNDLE_IDENTIFIER = atereshkov.leetcode.ProblemsTests;
				PRODUCT_NAME = "$(TARGET_NAME)";
				SWIFT_EMIT_LOC_STRINGS = NO;
				SWIFT_VERSION = 5.0;
			};
			name = Release;
		};
/* End XCBuildConfiguration section */

/* Begin XCConfigurationList section */
		CBA559F0275CC6A10005C92C /* Build configuration list for PBXProject "leetcode" */ = {
			isa = XCConfigurationList;
			buildConfigurations = (
				CBA559FA275CC6A10005C92C /* Debug */,
				CBA559FB275CC6A10005C92C /* Release */,
			);
			defaultConfigurationIsVisible = 0;
			defaultConfigurationName = Release;
		};
		CBA559FC275CC6A10005C92C /* Build configuration list for PBXNativeTarget "leetcode" */ = {
			isa = XCConfigurationList;
			buildConfigurations = (
				CBA559FD275CC6A10005C92C /* Debug */,
				CBA559FE275CC6A10005C92C /* Release */,
			);
			defaultConfigurationIsVisible = 0;
			defaultConfigurationName = Release;
		};
		CBA55A0A275CC81F0005C92C /* Build configuration list for PBXNativeTarget "ProblemsTests" */ = {
			isa = XCConfigurationList;
			buildConfigurations = (
				CBA55A0B275CC81F0005C92C /* Debug */,
				CBA55A0C275CC81F0005C92C /* Release */,
			);
			defaultConfigurationIsVisible = 0;
			defaultConfigurationName = Release;
		};
/* End XCConfigurationList section */
	};
	rootObject = CBA559ED275CC6A10005C92C /* Project object */;
}
